
Microsoft Visual Studio Solution File, Format Version 12.00
# Visual Studio Version 16
VisualStudioVersion = 16.0.30114.105
MinimumVisualStudioVersion = 10.0.40219.1
Project("{FAE04EC0-301F-11D3-BF4B-00C04F79EFBC}") = "SOLID.SRP", "SOLID.SRP.csproj", "{A1149FED-3566-46DB-82E1-CF4F99B21BEE}"
EndProject
Global
	GlobalSection(SolutionConfigurationPlatforms) = preSolution
		Debug|Any CPU = Debug|Any CPU
		Release|Any CPU = Release|Any CPU
	EndGlobalSection
	GlobalSection(SolutionProperties) = preSolution
		HideSolutionNode = FALSE
	EndGlobalSection
	GlobalSection(ProjectConfigurationPlatforms) = postSolution
		{A1149FED-3566-46DB-82E1-CF4F99B21BEE}.Debug|Any CPU.ActiveCfg = Debug|Any CPU
		{A1149FED-3566-46DB-82E1-CF4F99B21BEE}.Debug|Any CPU.Build.0 = Debug|Any CPU
		{A1149FED-3566-46DB-82E1-CF4F99B21BEE}.Release|Any CPU.ActiveCfg = Release|Any CPU
		{A1149FED-3566-46DB-82E1-CF4F99B21BEE}.Release|Any CPU.Build.0 = Release|Any CPU
	EndGlobalSection
EndGlobal
